{
	"name": "stacking-order",
	"version": "2.0.0",
	"lockfileVersion": 2,
	"requires": true,
	"packages": {
		"": {
			"name": "stacking-order",
			"version": "2.0.0",
			"license": "MIT",
			"devDependencies": {
				"kleur": "^4.1.5",
				"playwright": "^1.28.0",
				"typescript": "^4.9.3"
			}
		},
		"node_modules/kleur": {
			"version": "4.1.5",
			"resolved": "https://registry.npmjs.org/kleur/-/kleur-4.1.5.tgz",
			"integrity": "sha512-o+NO+8WrRiQEE4/7nwRJhN1HWpVmJm511pBHUxPLtp0BUISzlBplORYSmTclCnJvQq2tKu/sgl3xVpkc7ZWuQQ==",
			"dev": true,
			"engines": {
				"node": ">=6"
			}
		},
		"node_modules/playwright": {
			"version": "1.28.0",
			"resolved": "https://registry.npmjs.org/playwright/-/playwright-1.28.0.tgz",
			"integrity": "sha512-kyOXGc5y1mgi+hgEcCIyE1P1+JumLrxS09nFHo5sdJNzrucxPRAGwM4A2X3u3SDOfdgJqx61yIoR6Av+5plJPg==",
			"dev": true,
			"hasInstallScript": true,
			"dependencies": {
				"playwright-core": "1.28.0"
			},
			"bin": {
				"playwright": "cli.js"
			},
			"engines": {
				"node": ">=14"
			}
		},
		"node_modules/playwright-core": {
			"version": "1.28.0",
			"resolved": "https://registry.npmjs.org/playwright-core/-/playwright-core-1.28.0.tgz",
			"integrity": "sha512-nJLknd28kPBiCNTbqpu6Wmkrh63OEqJSFw9xOfL9qxfNwody7h6/L3O2dZoWQ6Oxcm0VOHjWmGiCUGkc0X3VZA==",
			"dev": true,
			"bin": {
				"playwright": "cli.js"
			},
			"engines": {
				"node": ">=14"
			}
		},
		"node_modules/typescript": {
			"version": "4.9.3",
			"resolved": "https://registry.npmjs.org/typescript/-/typescript-4.9.3.tgz",
			"integrity": "sha512-CIfGzTelbKNEnLpLdGFgdyKhG23CKdKgQPOBc+OUNrkJ2vr+KSzsSV5kq5iWhEQbok+quxgGzrAtGWCyU7tHnA==",
			"dev": true,
			"bin": {
				"tsc": "bin/tsc",
				"tsserver": "bin/tsserver"
			},
			"engines": {
				"node": ">=4.2.0"
			}
		}
	},
	"dependencies": {
		"kleur": {
			"version": "4.1.5",
			"resolved": "https://registry.npmjs.org/kleur/-/kleur-4.1.5.tgz",
			"integrity": "sha512-o+NO+8WrRiQEE4/7nwRJhN1HWpVmJm511pBHUxPLtp0BUISzlBplORYSmTclCnJvQq2tKu/sgl3xVpkc7ZWuQQ==",
			"dev": true
		},
		"playwright": {
			"version": "1.28.0",
			"resolved": "https://registry.npmjs.org/playwright/-/playwright-1.28.0.tgz",
			"integrity": "sha512-kyOXGc5y1mgi+hgEcCIyE1P1+JumLrxS09nFHo5sdJNzrucxPRAGwM4A2X3u3SDOfdgJqx61yIoR6Av+5plJPg==",
			"dev": true,
			"requires": {
				"playwright-core": "1.28.0"
			}
		},
		"playwright-core": {
			"version": "1.28.0",
			"resolved": "https://registry.npmjs.org/playwright-core/-/playwright-core-1.28.0.tgz",
			"integrity": "sha512-nJLknd28kPBiCNTbqpu6Wmkrh63OEqJSFw9xOfL9qxfNwody7h6/L3O2dZoWQ6Oxcm0VOHjWmGiCUGkc0X3VZA==",
			"dev": true
		},
		"typescript": {
			"version": "4.9.3",
			"resolved": "https://registry.npmjs.org/typescript/-/typescript-4.9.3.tgz",
			"integrity": "sha512-CIfGzTelbKNEnLpLdGFgdyKhG23CKdKgQPOBc+OUNrkJ2vr+KSzsSV5kq5iWhEQbok+quxgGzrAtGWCyU7tHnA==",
			"dev": true
		}
	}
}
